
Microsoft Visual Studio Solution File, Format Version 12.00
# Visual Studio Version 17
VisualStudioVersion = 17.8.34525.116
MinimumVisualStudioVersion = 10.0.40219.1
Project("{FAE04EC0-301F-11D3-BF4B-00C04F79EFBC}") = "Assesment_one", "Assesment_one\Assesment_one.csproj", "{F5F41EFE-4EF1-4055-AE1B-8B8AE522343E}"
EndProject
Global
	GlobalSection(SolutionConfigurationPlatforms) = preSolution
		Debug|Any CPU = Debug|Any CPU
		Release|Any CPU = Release|Any CPU
	EndGlobalSection
	GlobalSection(ProjectConfigurationPlatforms) = postSolution
		{F5F41EFE-4EF1-4055-AE1B-8B8AE522343E}.Debug|Any CPU.ActiveCfg = Debug|Any CPU
		{F5F41EFE-4EF1-4055-AE1B-8B8AE522343E}.Debug|Any CPU.Build.0 = Debug|Any CPU
		{F5F41EFE-4EF1-4055-AE1B-8B8AE522343E}.Release|Any CPU.ActiveCfg = Release|Any CPU
		{F5F41EFE-4EF1-4055-AE1B-8B8AE522343E}.Release|Any CPU.Build.0 = Release|Any CPU
	EndGlobalSection
	GlobalSection(SolutionProperties) = preSolution
		HideSolutionNode = FALSE
	EndGlobalSection
	GlobalSection(ExtensibilityGlobals) = postSolution
		SolutionGuid = {87959C65-A1EB-472E-B2A2-61776D27DDC5}
	EndGlobalSection
EndGlobal
